# This is a Gradle generated file for dependency locking.
# Manual edits can break the build and are not advised.
# This file is expected to be part of source control.
com.ncorti.ktfmt.gradle:com.ncorti.ktfmt.gradle.gradle.plugin:0.27.0=classpath
com.ncorti.ktfmt.gradle:plugin:0.27.0=classpath
io.github.java-diff-utils:java-diff-utils:4.17=classpath
org.jetbrains.kotlin:kotlin-stdlib:2.3.20=classpath
org.jetbrains:annotations:13.0=classpath
org.sonarqube:org.sonarqube.gradle.plugin:7.5.0.8588=classpath
org.sonarsource.scanner.gradle:sonarqube-gradle-plugin:7.5.0.8588=classpath
org.sonarsource.scanner.lib:sonar-scanner-java-library-shaded:4.2.1.1698=classpath
empty=
